Microsoft Visual Studio Solution File, Format Version 12.00
# Visual Studio 2012
Project("{FAE04EC0-301F-11D3-BF4B-00C04F79EFBC}") = "Truco Roguelike", "Truco Roguelike.csproj", "{8443B162-943D-4D42-8EC4-4A00B14B3083}"
EndProject
Global
	GlobalSection(SolutionConfigurationPlatforms) = preSolution
	Debug|Any CPU = Debug|Any CPU
	ExportDebug|Any CPU = ExportDebug|Any CPU
	ExportRelease|Any CPU = ExportRelease|Any CPU
	EndGlobalSection
	GlobalSection(ProjectConfigurationPlatforms) = postSolution
		{8443B162-943D-4D42-8EC4-4A00B14B3083}.Debug|Any CPU.ActiveCfg = Debug|Any CPU
		{8443B162-943D-4D42-8EC4-4A00B14B3083}.Debug|Any CPU.Build.0 = Debug|Any CPU
		{8443B162-943D-4D42-8EC4-4A00B14B3083}.ExportDebug|Any CPU.ActiveCfg = ExportDebug|Any CPU
		{8443B162-943D-4D42-8EC4-4A00B14B3083}.ExportDebug|Any CPU.Build.0 = ExportDebug|Any CPU
		{8443B162-943D-4D42-8EC4-4A00B14B3083}.ExportRelease|Any CPU.ActiveCfg = ExportRelease|Any CPU
		{8443B162-943D-4D42-8EC4-4A00B14B3083}.ExportRelease|Any CPU.Build.0 = ExportRelease|Any CPU
	EndGlobalSection
EndGlobal
